
Microsoft Visual Studio Solution File, Format Version 12.00
Project("{FAE04EC0-301F-11D3-BF4B-00C04F79EFBC}") = "OOP-ICT.FIRST", "OOP-ICT.FIRST\OOP-ICT.FIRST.csproj", "{4A0E8E76-60F7-4A3A-A4B6-5D08C5AD3355}"
EndProject
Project("{FAE04EC0-301F-11D3-BF4B-00C04F79EFBC}") = "OOP-ICT.FIRST.TESTS", "OOP-ICT.FIRST.TESTS\OOP-ICT.FIRST.TESTS.csproj", "{85394B74-8357-41B8-BD7C-D09D0D604726}"
EndProject
Project("{FAE04EC0-301F-11D3-BF4B-00C04F79EFBC}") = "OOP-ICT.SECOND", "OOP-ICT.SECOND\OOP-ICT.SECOND.csproj", "{26745F25-5B9B-403C-97F1-322123C904FA}"
EndProject
Project("{FAE04EC0-301F-11D3-BF4B-00C04F79EFBC}") = "OOP-ICT.SECOND.TESTS", "OOP-ICT.SECOND.TESTS\OOP-ICT.SECOND.TESTS.csproj", "{F845816A-559D-4E83-8FA2-992DB7A86AE6}"
EndProject
Project("{FAE04EC0-301F-11D3-BF4B-00C04F79EFBC}") = "OOP-ICT.THIRD", "OOP-ICT.THIRD\OOP-ICT.THIRD.csproj", "{0D01CFB6-709A-4F88-8D59-1CCCCAFB8F96}"
EndProject
Project("{FAE04EC0-301F-11D3-BF4B-00C04F79EFBC}") = "OOP-ICT.THIRD.TESTS", "OOP-ICT.THIRD.TESTS\OOP-ICT.THIRD.TESTS.csproj", "{B72DC3A0-842C-406D-ACD1-310D6723C33A}"
EndProject
Project("{FAE04EC0-301F-11D3-BF4B-00C04F79EFBC}") = "OOP-ICT.FOURTH", "OOP-ICT.FOURTH\OOP-ICT.FOURTH.csproj", "{79996D63-6815-4024-BCAC-2A33B57DAA3F}"
EndProject
Project("{FAE04EC0-301F-11D3-BF4B-00C04F79EFBC}") = "OOP-ICT.FOURTH.TESTS", "OOP-ICT.FOURTH.TESTS\OOP-ICT.FOURTH.TESTS.csproj", "{D1072136-E642-482E-A16F-7A4B64405AE2}"
EndProject
Global
	GlobalSection(SolutionConfigurationPlatforms) = preSolution
		Debug|Any CPU = Debug|Any CPU
		Release|Any CPU = Release|Any CPU
	EndGlobalSection
	GlobalSection(ProjectConfigurationPlatforms) = postSolution
		{4A0E8E76-60F7-4A3A-A4B6-5D08C5AD3355}.Debug|Any CPU.ActiveCfg = Debug|Any CPU
		{4A0E8E76-60F7-4A3A-A4B6-5D08C5AD3355}.Debug|Any CPU.Build.0 = Debug|Any CPU
		{4A0E8E76-60F7-4A3A-A4B6-5D08C5AD3355}.Release|Any CPU.ActiveCfg = Release|Any CPU
		{4A0E8E76-60F7-4A3A-A4B6-5D08C5AD3355}.Release|Any CPU.Build.0 = Release|Any CPU
		{85394B74-8357-41B8-BD7C-D09D0D604726}.Debug|Any CPU.ActiveCfg = Debug|Any CPU
		{85394B74-8357-41B8-BD7C-D09D0D604726}.Debug|Any CPU.Build.0 = Debug|Any CPU
		{85394B74-8357-41B8-BD7C-D09D0D604726}.Release|Any CPU.ActiveCfg = Release|Any CPU
		{85394B74-8357-41B8-BD7C-D09D0D604726}.Release|Any CPU.Build.0 = Release|Any CPU
		{26745F25-5B9B-403C-97F1-322123C904FA}.Debug|Any CPU.ActiveCfg = Debug|Any CPU
		{26745F25-5B9B-403C-97F1-322123C904FA}.Debug|Any CPU.Build.0 = Debug|Any CPU
		{26745F25-5B9B-403C-97F1-322123C904FA}.Release|Any CPU.ActiveCfg = Release|Any CPU
		{26745F25-5B9B-403C-97F1-322123C904FA}.Release|Any CPU.Build.0 = Release|Any CPU
		{F845816A-559D-4E83-8FA2-992DB7A86AE6}.Debug|Any CPU.ActiveCfg = Debug|Any CPU
		{F845816A-559D-4E83-8FA2-992DB7A86AE6}.Debug|Any CPU.Build.0 = Debug|Any CPU
		{F845816A-559D-4E83-8FA2-992DB7A86AE6}.Release|Any CPU.ActiveCfg = Release|Any CPU
		{F845816A-559D-4E83-8FA2-992DB7A86AE6}.Release|Any CPU.Build.0 = Release|Any CPU
		{0D01CFB6-709A-4F88-8D59-1CCCCAFB8F96}.Debug|Any CPU.ActiveCfg = Debug|Any CPU
		{0D01CFB6-709A-4F88-8D59-1CCCCAFB8F96}.Debug|Any CPU.Build.0 = Debug|Any CPU
		{0D01CFB6-709A-4F88-8D59-1CCCCAFB8F96}.Release|Any CPU.ActiveCfg = Release|Any CPU
		{0D01CFB6-709A-4F88-8D59-1CCCCAFB8F96}.Release|Any CPU.Build.0 = Release|Any CPU
		{B72DC3A0-842C-406D-ACD1-310D6723C33A}.Debug|Any CPU.ActiveCfg = Debug|Any CPU
		{B72DC3A0-842C-406D-ACD1-310D6723C33A}.Debug|Any CPU.Build.0 = Debug|Any CPU
		{B72DC3A0-842C-406D-ACD1-310D6723C33A}.Release|Any CPU.ActiveCfg = Release|Any CPU
		{B72DC3A0-842C-406D-ACD1-310D6723C33A}.Release|Any CPU.Build.0 = Release|Any CPU
		{79996D63-6815-4024-BCAC-2A33B57DAA3F}.Debug|Any CPU.ActiveCfg = Debug|Any CPU
		{79996D63-6815-4024-BCAC-2A33B57DAA3F}.Debug|Any CPU.Build.0 = Debug|Any CPU
		{79996D63-6815-4024-BCAC-2A33B57DAA3F}.Release|Any CPU.ActiveCfg = Release|Any CPU
		{79996D63-6815-4024-BCAC-2A33B57DAA3F}.Release|Any CPU.Build.0 = Release|Any CPU
		{D1072136-E642-482E-A16F-7A4B64405AE2}.Debug|Any CPU.ActiveCfg = Debug|Any CPU
		{D1072136-E642-482E-A16F-7A4B64405AE2}.Debug|Any CPU.Build.0 = Debug|Any CPU
		{D1072136-E642-482E-A16F-7A4B64405AE2}.Release|Any CPU.ActiveCfg = Release|Any CPU
		{D1072136-E642-482E-A16F-7A4B64405AE2}.Release|Any CPU.Build.0 = Release|Any CPU
	EndGlobalSection
EndGlobal
